// !$*UTF8*$!
{
	archiveVersion = 1;
	classes = {
	};
	objectVersion = 51;
	objects = {

/* Begin PBXBuildFile section */
		141DDD6025F3E4EE00A71B38 /* GoogleService-Info.plist in Resources */ = {isa = PBXBuildFile; fileRef = 141DDD5F25F3E4EE00A71B38 /* GoogleService-Info.plist */; };
		141DDD6525F3E85C00A71B38 /* DatabaseManager.swift in Sources */ = {isa = PBXBuildFile; fileRef = 141DDD6425F3E85C00A71B38 /* DatabaseManager.swift */; };
		141DDD6825F3E99600A71B38 /* AuthManager.swift in Sources */ = {isa = PBXBuildFile; fileRef = 141DDD6725F3E99600A71B38 /* AuthManager.swift */; };
		141DDD6B25F3E9DB00A71B38 /* StorageManager.swift in Sources */ = {isa = PBXBuildFile; fileRef = 141DDD6A25F3E9DB00A71B38 /* StorageManager.swift */; };
		14863D4525F4D67E002BE399 /* Extensions.swift in Sources */ = {isa = PBXBuildFile; fileRef = 14863D4425F4D67E002BE399 /* Extensions.swift */; };
		1493AF0925F360DD0070F583 /* AppDelegate.swift in Sources */ = {isa = PBXBuildFile; fileRef = 1493AF0825F360DD0070F583 /* AppDelegate.swift */; };
		1493AF0B25F360DD0070F583 /* SceneDelegate.swift in Sources */ = {isa = PBXBuildFile; fileRef = 1493AF0A25F360DD0070F583 /* SceneDelegate.swift */; };
		1493AF0D25F360DD0070F583 /* HomeViewController.swift in Sources */ = {isa = PBXBuildFile; fileRef = 1493AF0C25F360DD0070F583 /* HomeViewController.swift */; };
		1493AF1025F360DD0070F583 /* Main.storyboard in Resources */ = {isa = PBXBuildFile; fileRef = 1493AF0E25F360DD0070F583 /* Main.storyboard */; };
		1493AF1225F360EE0070F583 /* Assets.xcassets in Resources */ = {isa = PBXBuildFile; fileRef = 1493AF1125F360EE0070F583 /* Assets.xcassets */; };
		1493AF1525F360EE0070F583 /* LaunchScreen.storyboard in Resources */ = {isa = PBXBuildFile; fileRef = 1493AF1325F360EE0070F583 /* LaunchScreen.storyboard */; };
		14EDF58425F36A4400C359A1 /* ExploreViewController.swift in Sources */ = {isa = PBXBuildFile; fileRef = 14EDF58325F36A4400C359A1 /* ExploreViewController.swift */; };
		14EDF58725F36A5000C359A1 /* CameraViewController.swift in Sources */ = {isa = PBXBuildFile; fileRef = 14EDF58625F36A5000C359A1 /* CameraViewController.swift */; };
		14EDF58A25F36A6200C359A1 /* NotificationsViewController.swift in Sources */ = {isa = PBXBuildFile; fileRef = 14EDF58925F36A6200C359A1 /* NotificationsViewController.swift */; };
		14EDF58D25F36A6E00C359A1 /* ProfileViewController.swift in Sources */ = {isa = PBXBuildFile; fileRef = 14EDF58C25F36A6E00C359A1 /* ProfileViewController.swift */; };
		14EDF59425F36AF800C359A1 /* LoginViewController.swift in Sources */ = {isa = PBXBuildFile; fileRef = 14EDF59325F36AF800C359A1 /* LoginViewController.swift */; };
		14EDF59825F36B1300C359A1 /* RegistrationViewController.swift in Sources */ = {isa = PBXBuildFile; fileRef = 14EDF59725F36B1300C359A1 /* RegistrationViewController.swift */; };
		14EDF59B25F36B3F00C359A1 /* PostViewController.swift in Sources */ = {isa = PBXBuildFile; fileRef = 14EDF59A25F36B3F00C359A1 /* PostViewController.swift */; };
		14EDF59E25F36B7400C359A1 /* EditProfileViewController.swift in Sources */ = {isa = PBXBuildFile; fileRef = 14EDF59D25F36B7400C359A1 /* EditProfileViewController.swift */; };
		14EDF5A225F36B8800C359A1 /* SettingsViewController.swift in Sources */ = {isa = PBXBuildFile; fileRef = 14EDF5A125F36B8800C359A1 /* SettingsViewController.swift */; };
		14EDF5A525F36BB300C359A1 /* ListViewController.swift in Sources */ = {isa = PBXBuildFile; fileRef = 14EDF5A425F36BB300C359A1 /* ListViewController.swift */; };
		14EDF5A825F36BCF00C359A1 /* SearchViewController.swift in Sources */ = {isa = PBXBuildFile; fileRef = 14EDF5A725F36BCF00C359A1 /* SearchViewController.swift */; };
		14EDF5AB25F36BE600C359A1 /* SearchResultViewController.swift in Sources */ = {isa = PBXBuildFile; fileRef = 14EDF5AA25F36BE600C359A1 /* SearchResultViewController.swift */; };
		14EDF5AE25F36C2000C359A1 /* PostEditorViewController.swift in Sources */ = {isa = PBXBuildFile; fileRef = 14EDF5AD25F36C2000C359A1 /* PostEditorViewController.swift */; };
		14EDF5B125F36C4100C359A1 /* PublishPostViewController.swift in Sources */ = {isa = PBXBuildFile; fileRef = 14EDF5B025F36C4100C359A1 /* PublishPostViewController.swift */; };
		716AD2B6AE746B56FCF4F6D6 /* Pods_Instagramm.framework in Frameworks */ = {isa = PBXBuildFile; fileRef = 0A4C368E441F0E480A691D78 /* Pods_Instagramm.framework */; };
/* End PBXBuildFile section */

/* Begin PBXFileReference section */
		0A4C368E441F0E480A691D78 /* Pods_Instagramm.framework */ = {isa = PBXFileReference; explicitFileType = wrapper.framework; includeInIndex = 0; path = Pods_Instagramm.framework; sourceTree = BUILT_PRODUCTS_DIR; };
		141DDD5F25F3E4EE00A71B38 /* GoogleService-Info.plist */ = {isa = PBXFileReference; fileEncoding = 4; lastKnownFileType = text.plist.xml; path = "GoogleService-Info.plist"; sourceTree = "<group>"; };
		141DDD6425F3E85C00A71B38 /* DatabaseManager.swift */ = {isa = PBXFileReference; lastKnownFileType = sourcecode.swift; path = DatabaseManager.swift; sourceTree = "<group>"; };
		141DDD6725F3E99600A71B38 /* AuthManager.swift */ = {isa = PBXFileReference; lastKnownFileType = sourcecode.swift; path = AuthManager.swift; sourceTree = "<group>"; };
		141DDD6A25F3E9DB00A71B38 /* StorageManager.swift */ = {isa = PBXFileReference; lastKnownFileType = sourcecode.swift; path = StorageManager.swift; sourceTree = "<group>"; };
		14863D4425F4D67E002BE399 /* Extensions.swift */ = {isa = PBXFileReference; lastKnownFileType = sourcecode.swift; path = Extensions.swift; sourceTree = "<group>"; };
		1493AF0525F360DD0070F583 /* Instagramm.app */ = {isa = PBXFileReference; explicitFileType = wrapper.application; includeInIndex = 0; path = Instagramm.app; sourceTree = BUILT_PRODUCTS_DIR; };
		1493AF0825F360DD0070F583 /* AppDelegate.swift */ = {isa = PBXFileReference; lastKnownFileType = sourcecode.swift; path = AppDelegate.swift; sourceTree = "<group>"; };
		1493AF0A25F360DD0070F583 /* SceneDelegate.swift */ = {isa = PBXFileReference; lastKnownFileType = sourcecode.swift; path = SceneDelegate.swift; sourceTree = "<group>"; };
		1493AF0C25F360DD0070F583 /* HomeViewController.swift */ = {isa = PBXFileReference; lastKnownFileType = sourcecode.swift; path = HomeViewController.swift; sourceTree = "<group>"; };
		1493AF0F25F360DD0070F583 /* Base */ = {isa = PBXFileReference; lastKnownFileType = file.storyboard; name = Base; path = Base.lproj/Main.storyboard; sourceTree = "<group>"; };
		1493AF1125F360EE0070F583 /* Assets.xcassets */ = {isa = PBXFileReference; lastKnownFileType = folder.assetcatalog; path = Assets.xcassets; sourceTree = "<group>"; };
		1493AF1425F360EE0070F583 /* Base */ = {isa = PBXFileReference; lastKnownFileType = file.storyboard; name = Base; path = Base.lproj/LaunchScreen.storyboard; sourceTree = "<group>"; };
		1493AF1625F360EE0070F583 /* Info.plist */ = {isa = PBXFileReference; lastKnownFileType = text.plist.xml; path = Info.plist; sourceTree = "<group>"; };
		14EDF58325F36A4400C359A1 /* ExploreViewController.swift */ = {isa = PBXFileReference; lastKnownFileType = sourcecode.swift; path = ExploreViewController.swift; sourceTree = "<group>"; };
		14EDF58625F36A5000C359A1 /* CameraViewController.swift */ = {isa = PBXFileReference; lastKnownFileType = sourcecode.swift; path = CameraViewController.swift; sourceTree = "<group>"; };
		14EDF58925F36A6200C359A1 /* NotificationsViewController.swift */ = {isa = PBXFileReference; lastKnownFileType = sourcecode.swift; path = NotificationsViewController.swift; sourceTree = "<group>"; };
		14EDF58C25F36A6E00C359A1 /* ProfileViewController.swift */ = {isa = PBXFileReference; lastKnownFileType = sourcecode.swift; path = ProfileViewController.swift; sourceTree = "<group>"; };
		14EDF59325F36AF800C359A1 /* LoginViewController.swift */ = {isa = PBXFileReference; lastKnownFileType = sourcecode.swift; path = LoginViewController.swift; sourceTree = "<group>"; };
		14EDF59725F36B1300C359A1 /* RegistrationViewController.swift */ = {isa = PBXFileReference; lastKnownFileType = sourcecode.swift; path = RegistrationViewController.swift; sourceTree = "<group>"; };
		14EDF59A25F36B3F00C359A1 /* PostViewController.swift */ = {isa = PBXFileReference; lastKnownFileType = sourcecode.swift; path = PostViewController.swift; sourceTree = "<group>"; };
		14EDF59D25F36B7400C359A1 /* EditProfileViewController.swift */ = {isa = PBXFileReference; lastKnownFileType = sourcecode.swift; path = EditProfileViewController.swift; sourceTree = "<group>"; };
		14EDF5A125F36B8800C359A1 /* SettingsViewController.swift */ = {isa = PBXFileReference; lastKnownFileType = sourcecode.swift; path = SettingsViewController.swift; sourceTree = "<group>"; };
		14EDF5A425F36BB300C359A1 /* ListViewController.swift */ = {isa = PBXFileReference; lastKnownFileType = sourcecode.swift; path = ListViewController.swift; sourceTree = "<group>"; };
		14EDF5A725F36BCF00C359A1 /* SearchViewController.swift */ = {isa = PBXFileReference; lastKnownFileType = sourcecode.swift; path = SearchViewController.swift; sourceTree = "<group>"; };
		14EDF5AA25F36BE600C359A1 /* SearchResultViewController.swift */ = {isa = PBXFileReference; lastKnownFileType = sourcecode.swift; path = SearchResultViewController.swift; sourceTree = "<group>"; };
		14EDF5AD25F36C2000C359A1 /* PostEditorViewController.swift */ = {isa = PBXFileReference; lastKnownFileType = sourcecode.swift; path = PostEditorViewController.swift; sourceTree = "<group>"; };
		14EDF5B025F36C4100C359A1 /* PublishPostViewController.swift */ = {isa = PBXFileReference; lastKnownFileType = sourcecode.swift; path = PublishPostViewController.swift; sourceTree = "<group>"; };
		5CD2AC1EA6250646373AAE4B /* Pods-Instagramm.debug.xcconfig */ = {isa = PBXFileReference; includeInIndex = 1; lastKnownFileType = text.xcconfig; name = "Pods-Instagramm.debug.xcconfig"; path = "Target Support Files/Pods-Instagramm/Pods-Instagramm.debug.xcconfig"; sourceTree = "<group>"; };
		BEAB0002DAE4411A200C6812 /* Pods-Instagramm.release.xcconfig */ = {isa = PBXFileReference; includeInIndex = 1; lastKnownFileType = text.xcconfig; name = "Pods-Instagramm.release.xcconfig"; path = "Target Support Files/Pods-Instagramm/Pods-Instagramm.release.xcconfig"; sourceTree = "<group>"; };
/* End PBXFileReference section */

/* Begin PBXFrameworksBuildPhase section */
		1493AF0225F360DD0070F583 /* Frameworks */ = {
			isa = PBXFrameworksBuildPhase;
			buildActionMask = 2147483647;
			files = (
				716AD2B6AE746B56FCF4F6D6 /* Pods_Instagramm.framework in Frameworks */,
			);
			runOnlyForDeploymentPostprocessing = 0;
		};
/* End PBXFrameworksBuildPhase section */

/* Begin PBXGroup section */
		141DDD6225F3E79200A71B38 /* General */ = {
			isa = PBXGroup;
			children = (
				14EDF59A25F36B3F00C359A1 /* PostViewController.swift */,
				14EDF59D25F36B7400C359A1 /* EditProfileViewController.swift */,
				14EDF5A125F36B8800C359A1 /* SettingsViewController.swift */,
				14EDF5A425F36BB300C359A1 /* ListViewController.swift */,
				14EDF5A725F36BCF00C359A1 /* SearchViewController.swift */,
				14EDF5AA25F36BE600C359A1 /* SearchResultViewController.swift */,
				14EDF5AD25F36C2000C359A1 /* PostEditorViewController.swift */,
				14EDF5B025F36C4100C359A1 /* PublishPostViewController.swift */,
			);
			path = General;
			sourceTree = "<group>";
		};
		1493AEFC25F360DC0070F583 = {
			isa = PBXGroup;
			children = (
				1493AF0725F360DD0070F583 /* Instagramm */,
				1493AF0625F360DD0070F583 /* Products */,
				914728C6CDC508D3F0584331 /* Pods */,
				57C0AA19445139844225225A /* Frameworks */,
			);
			sourceTree = "<group>";
		};
		1493AF0625F360DD0070F583 /* Products */ = {
			isa = PBXGroup;
			children = (
				1493AF0525F360DD0070F583 /* Instagramm.app */,
			);
			name = Products;
			sourceTree = "<group>";
		};
		1493AF0725F360DD0070F583 /* Instagramm */ = {
			isa = PBXGroup;
			children = (
				14EDF58025F3695500C359A1 /* Resources */,
				14EDF57F25F3694400C359A1 /* Models */,
				14EDF57E25F3693D00C359A1 /* Views */,
				14EDF57D25F3693400C359A1 /* Controllers */,
				1493AF1625F360EE0070F583 /* Info.plist */,
			);
			path = Instagramm;
			sourceTree = "<group>";
		};
		14EDF57D25F3693400C359A1 /* Controllers */ = {
			isa = PBXGroup;
			children = (
				14EDF59125F36AD700C359A1 /* Other */,
				14EDF58F25F36A9300C359A1 /* Core Tabs */,
			);
			path = Controllers;
			sourceTree = "<group>";
		};
		14EDF57E25F3693D00C359A1 /* Views */ = {
			isa = PBXGroup;
			children = (
				1493AF1125F360EE0070F583 /* Assets.xcassets */,
				14EDF58125F369B300C359A1 /* Storyboards */,
			);
			path = Views;
			sourceTree = "<group>";
		};
		14EDF57F25F3694400C359A1 /* Models */ = {
			isa = PBXGroup;
			children = (
			);
			path = Models;
			sourceTree = "<group>";
		};
		14EDF58025F3695500C359A1 /* Resources */ = {
			isa = PBXGroup;
			children = (
				141DDD5F25F3E4EE00A71B38 /* GoogleService-Info.plist */,
				1493AF0825F360DD0070F583 /* AppDelegate.swift */,
				1493AF0A25F360DD0070F583 /* SceneDelegate.swift */,
				141DDD6425F3E85C00A71B38 /* DatabaseManager.swift */,
				141DDD6725F3E99600A71B38 /* AuthManager.swift */,
				141DDD6A25F3E9DB00A71B38 /* StorageManager.swift */,
				14863D4425F4D67E002BE399 /* Extensions.swift */,
			);
			path = Resources;
			sourceTree = "<group>";
		};
		14EDF58125F369B300C359A1 /* Storyboards */ = {
			isa = PBXGroup;
			children = (
				1493AF0E25F360DD0070F583 /* Main.storyboard */,
				1493AF1325F360EE0070F583 /* LaunchScreen.storyboard */,
			);
			path = Storyboards;
			sourceTree = "<group>";
		};
		14EDF58F25F36A9300C359A1 /* Core Tabs */ = {
			isa = PBXGroup;
			children = (
				1493AF0C25F360DD0070F583 /* HomeViewController.swift */,
				14EDF58325F36A4400C359A1 /* ExploreViewController.swift */,
				14EDF58625F36A5000C359A1 /* CameraViewController.swift */,
				14EDF58925F36A6200C359A1 /* NotificationsViewController.swift */,
				14EDF58C25F36A6E00C359A1 /* ProfileViewController.swift */,
			);
			path = "Core Tabs";
			sourceTree = "<group>";
		};
		14EDF59125F36AD700C359A1 /* Other */ = {
			isa = PBXGroup;
			children = (
				14EDF59225F36ADD00C359A1 /* Onboarding */,
				141DDD6225F3E79200A71B38 /* General */,
			);
			path = Other;
			sourceTree = "<group>";
		};
		14EDF59225F36ADD00C359A1 /* Onboarding */ = {
			isa = PBXGroup;
			children = (
				14EDF59325F36AF800C359A1 /* LoginViewController.swift */,
				14EDF59725F36B1300C359A1 /* RegistrationViewController.swift */,
			);
			path = Onboarding;
			sourceTree = "<group>";
		};
		57C0AA19445139844225225A /* Frameworks */ = {
			isa = PBXGroup;
			children = (
				0A4C368E441F0E480A691D78 /* Pods_Instagramm.framework */,
			);
			name = Frameworks;
			sourceTree = "<group>";
		};
		914728C6CDC508D3F0584331 /* Pods */ = {
			isa = PBXGroup;
			children = (
				5CD2AC1EA6250646373AAE4B /* Pods-Instagramm.debug.xcconfig */,
				BEAB0002DAE4411A200C6812 /* Pods-Instagramm.release.xcconfig */,
			);
			path = Pods;
			sourceTree = "<group>";
		};
/* End PBXGroup section */

/* Begin PBXNativeTarget section */
		1493AF0425F360DD0070F583 /* Instagramm */ = {
			isa = PBXNativeTarget;
			buildConfigurationList = 1493AF1925F360EE0070F583 /* Build configuration list for PBXNativeTarget "Instagramm" */;
			buildPhases = (
				E830B98B0C9BA41EC6A7381B /* [CP] Check Pods Manifest.lock */,
				1493AF0125F360DD0070F583 /* Sources */,
				1493AF0225F360DD0070F583 /* Frameworks */,
				1493AF0325F360DD0070F583 /* Resources */,
				275DD9E7A01E5944A1F33430 /* [CP] Embed Pods Frameworks */,
			);
			buildRules = (
			);
			dependencies = (
			);
			name = Instagramm;
			productName = Instagramm;
			productReference = 1493AF0525F360DD0070F583 /* Instagramm.app */;
			productType = "com.apple.product-type.application";
		};
/* End PBXNativeTarget section */

/* Begin PBXProject section */
		1493AEFD25F360DD0070F583 /* Project object */ = {
			isa = PBXProject;
			attributes = {
				LastSwiftUpdateCheck = 1240;
				LastUpgradeCheck = 1240;
				TargetAttributes = {
					1493AF0425F360DD0070F583 = {
						CreatedOnToolsVersion = 12.4;
					};
				};
			};
			buildConfigurationList = 1493AF0025F360DD0070F583 /* Build configuration list for PBXProject "Instagramm" */;
			compatibilityVersion = "Xcode 9.3";
			developmentRegion = en;
			hasScannedForEncodings = 0;
			knownRegions = (
				en,
				Base,
			);
			mainGroup = 1493AEFC25F360DC0070F583;
			productRefGroup = 1493AF0625F360DD0070F583 /* Products */;
			projectDirPath = "";
			projectRoot = "";
			targets = (
				1493AF0425F360DD0070F583 /* Instagramm */,
			);
		};
/* End PBXProject section */

/* Begin PBXResourcesBuildPhase section */
		1493AF0325F360DD0070F583 /* Resources */ = {
			isa = PBXResourcesBuildPhase;
			buildActionMask = 2147483647;
			files = (
				1493AF1525F360EE0070F583 /* LaunchScreen.storyboard in Resources */,
				141DDD6025F3E4EE00A71B38 /* GoogleService-Info.plist in Resources */,
				1493AF1225F360EE0070F583 /* Assets.xcassets in Resources */,
				1493AF1025F360DD0070F583 /* Main.storyboard in Resources */,
			);
			runOnlyForDeploymentPostprocessing = 0;
		};
/* End PBXResourcesBuildPhase section */

/* Begin PBXShellScriptBuildPhase section */
		275DD9E7A01E5944A1F33430 /* [CP] Embed Pods Frameworks */ = {
			isa = PBXShellScriptBuildPhase;
			buildActionMask = 2147483647;
			files = (
			);
			inputFileListPaths = (
				"${PODS_ROOT}/Target Support Files/Pods-Instagramm/Pods-Instagramm-frameworks-${CONFIGURATION}-input-files.xcfilelist",
			);
			name = "[CP] Embed Pods Frameworks";
			outputFileListPaths = (
				"${PODS_ROOT}/Target Support Files/Pods-Instagramm/Pods-Instagramm-frameworks-${CONFIGURATION}-output-files.xcfilelist",
			);
			runOnlyForDeploymentPostprocessing = 0;
			shellPath = /bin/sh;
			shellScript = "\"${PODS_ROOT}/Target Support Files/Pods-Instagramm/Pods-Instagramm-frameworks.sh\"\n";
			showEnvVarsInLog = 0;
		};
		E830B98B0C9BA41EC6A7381B /* [CP] Check Pods Manifest.lock */ = {
			isa = PBXShellScriptBuildPhase;
			buildActionMask = 2147483647;
			files = (
			);
			inputFileListPaths = (
			);
			inputPaths = (
				"${PODS_PODFILE_DIR_PATH}/Podfile.lock",
				"${PODS_ROOT}/Manifest.lock",
			);
			name = "[CP] Check Pods Manifest.lock";
			outputFileListPaths = (
			);
			outputPaths = (
				"$(DERIVED_FILE_DIR)/Pods-Instagramm-checkManifestLockResult.txt",
			);
			runOnlyForDeploymentPostprocessing = 0;
			shellPath = /bin/sh;
			shellScript = "diff \"${PODS_PODFILE_DIR_PATH}/Podfile.lock\" \"${PODS_ROOT}/Manifest.lock\" > /dev/null\nif [ $? != 0 ] ; then\n    # print error to STDERR\n    echo \"error: The sandbox is not in sync with the Podfile.lock. Run 'pod install' or update your CocoaPods installation.\" >&2\n    exit 1\nfi\n# This output is used by Xcode 'outputs' to avoid re-running this script phase.\necho \"SUCCESS\" > \"${SCRIPT_OUTPUT_FILE_0}\"\n";
			showEnvVarsInLog = 0;
		};
/* End PBXShellScriptBuildPhase section */

/* Begin PBXSourcesBuildPhase section */
		1493AF0125F360DD0070F583 /* Sources */ = {
			isa = PBXSourcesBuildPhase;
			buildActionMask = 2147483647;
			files = (
				14EDF59E25F36B7400C359A1 /* EditProfileViewController.swift in Sources */,
				14EDF58425F36A4400C359A1 /* ExploreViewController.swift in Sources */,
				14EDF5B125F36C4100C359A1 /* PublishPostViewController.swift in Sources */,
				14EDF58725F36A5000C359A1 /* CameraViewController.swift in Sources */,
				1493AF0D25F360DD0070F583 /* HomeViewController.swift in Sources */,
				14EDF59825F36B1300C359A1 /* RegistrationViewController.swift in Sources */,
				14EDF5AE25F36C2000C359A1 /* PostEditorViewController.swift in Sources */,
				141DDD6B25F3E9DB00A71B38 /* StorageManager.swift in Sources */,
				14EDF59B25F36B3F00C359A1 /* PostViewController.swift in Sources */,
				141DDD6525F3E85C00A71B38 /* DatabaseManager.swift in Sources */,
				14EDF58A25F36A6200C359A1 /* NotificationsViewController.swift in Sources */,
				14EDF5AB25F36BE600C359A1 /* SearchResultViewController.swift in Sources */,
				14EDF59425F36AF800C359A1 /* LoginViewController.swift in Sources */,
				14863D4525F4D67E002BE399 /* Extensions.swift in Sources */,
				14EDF5A825F36BCF00C359A1 /* SearchViewController.swift in Sources */,
				14EDF58D25F36A6E00C359A1 /* ProfileViewController.swift in Sources */,
				141DDD6825F3E99600A71B38 /* AuthManager.swift in Sources */,
				1493AF0925F360DD0070F583 /* AppDelegate.swift in Sources */,
				1493AF0B25F360DD0070F583 /* SceneDelegate.swift in Sources */,
				14EDF5A525F36BB300C359A1 /* ListViewController.swift in Sources */,
				14EDF5A225F36B8800C359A1 /* SettingsViewController.swift in Sources */,
			);
			runOnlyForDeploymentPostprocessing = 0;
		};
/* End PBXSourcesBuildPhase section */

/* Begin PBXVariantGroup section */
		1493AF0E25F360DD0070F583 /* Main.storyboard */ = {
			isa = PBXVariantGroup;
			children = (
				1493AF0F25F360DD0070F583 /* Base */,
			);
			name = Main.storyboard;
			sourceTree = "<group>";
		};
		1493AF1325F360EE0070F583 /* LaunchScreen.storyboard */ = {
			isa = PBXVariantGroup;
			children = (
				1493AF1425F360EE0070F583 /* Base */,
			);
			name = LaunchScreen.storyboard;
			sourceTree = "<group>";
		};
/* End PBXVariantGroup section */

/* Begin XCBuildConfiguration section */
		1493AF1725F360EE0070F583 /* Debug */ = {
			isa = XCBuildConfiguration;
			buildSettings = {
				ALWAYS_SEARCH_USER_PATHS = NO;
				CLANG_ANALYZER_NONNULL = YES;
				CLANG_ANALYZER_NUMBER_OBJECT_CONVERSION = YES_AGGRESSIVE;
				CLANG_CXX_LANGUAGE_STANDARD = "gnu++14";
				CLANG_CXX_LIBRARY = "libc++";
				CLANG_ENABLE_MODULES = YES;
				CLANG_ENABLE_OBJC_ARC = YES;
				CLANG_ENABLE_OBJC_WEAK = YES;
				CLANG_WARN_BLOCK_CAPTURE_AUTORELEASING = YES;
				CLANG_WARN_BOOL_CONVERSION = YES;
				CLANG_WARN_COMMA = YES;
				CLANG_WARN_CONSTANT_CONVERSION = YES;
				CLANG_WARN_DEPRECATED_OBJC_IMPLEMENTATIONS = YES;
				CLANG_WARN_DIRECT_OBJC_ISA_USAGE = YES_ERROR;
				CLANG_WARN_DOCUMENTATION_COMMENTS = YES;
				CLANG_WARN_EMPTY_BODY = YES;
				CLANG_WARN_ENUM_CONVERSION = YES;
				CLANG_WARN_INFINITE_RECURSION = YES;
				CLANG_WARN_INT_CONVERSION = YES;
				CLANG_WARN_NON_LITERAL_NULL_CONVERSION = YES;
				CLANG_WARN_OBJC_IMPLICIT_RETAIN_SELF = YES;
				CLANG_WARN_OBJC_LITERAL_CONVERSION = YES;
				CLANG_WARN_OBJC_ROOT_CLASS = YES_ERROR;
				CLANG_WARN_QUOTED_INCLUDE_IN_FRAMEWORK_HEADER = YES;
				CLANG_WARN_RANGE_LOOP_ANALYSIS = YES;
				CLANG_WARN_STRICT_PROTOTYPES = YES;
				CLANG_WARN_SUSPICIOUS_MOVE = YES;
				CLANG_WARN_UNGUARDED_AVAILABILITY = YES_AGGRESSIVE;
				CLANG_WARN_UNREACHABLE_CODE = YES;
				CLANG_WARN__DUPLICATE_METHOD_MATCH = YES;
				COPY_PHASE_STRIP = NO;
				DEBUG_INFORMATION_FORMAT = dwarf;
				ENABLE_STRICT_OBJC_MSGSEND = YES;
				ENABLE_TESTABILITY = YES;
				GCC_C_LANGUAGE_STANDARD = gnu11;
				GCC_DYNAMIC_NO_PIC = NO;
				GCC_NO_COMMON_BLOCKS = YES;
				GCC_OPTIMIZATION_LEVEL = 0;
				GCC_PREPROCESSOR_DEFINITIONS = (
					"DEBUG=1",
					"$(inherited)",
				);
				GCC_WARN_64_TO_32_BIT_CONVERSION = YES;
				GCC_WARN_ABOUT_RETURN_TYPE = YES_ERROR;
				GCC_WARN_UNDECLARED_SELECTOR = YES;
				GCC_WARN_UNINITIALIZED_AUTOS = YES_AGGRESSIVE;
				GCC_WARN_UNUSED_FUNCTION = YES;
				GCC_WARN_UNUSED_VARIABLE = YES;
				IPHONEOS_DEPLOYMENT_TARGET = 14.4;
				MTL_ENABLE_DEBUG_INFO = INCLUDE_SOURCE;
				MTL_FAST_MATH = YES;
				ONLY_ACTIVE_ARCH = YES;
				SDKROOT = iphoneos;
				SWIFT_ACTIVE_COMPILATION_CONDITIONS = DEBUG;
				SWIFT_OPTIMIZATION_LEVEL = "-Onone";
			};
			name = Debug;
		};
		1493AF1825F360EE0070F583 /* Release */ = {
			isa = XCBuildConfiguration;
			buildSettings = {
				ALWAYS_SEARCH_USER_PATHS = NO;
				CLANG_ANALYZER_NONNULL = YES;
				CLANG_ANALYZER_NUMBER_OBJECT_CONVERSION = YES_AGGRESSIVE;
				CLANG_CXX_LANGUAGE_STANDARD = "gnu++14";
				CLANG_CXX_LIBRARY = "libc++";
				CLANG_ENABLE_MODULES = YES;
				CLANG_ENABLE_OBJC_ARC = YES;
				CLANG_ENABLE_OBJC_WEAK = YES;
				CLANG_WARN_BLOCK_CAPTURE_AUTORELEASING = YES;
				CLANG_WARN_BOOL_CONVERSION = YES;
				CLANG_WARN_COMMA = YES;
				CLANG_WARN_CONSTANT_CONVERSION = YES;
				CLANG_WARN_DEPRECATED_OBJC_IMPLEMENTATIONS = YES;
				CLANG_WARN_DIRECT_OBJC_ISA_USAGE = YES_ERROR;
				CLANG_WARN_DOCUMENTATION_COMMENTS = YES;
				CLANG_WARN_EMPTY_BODY = YES;
				CLANG_WARN_ENUM_CONVERSION = YES;
				CLANG_WARN_INFINITE_RECURSION = YES;
				CLANG_WARN_INT_CONVERSION = YES;
				CLANG_WARN_NON_LITERAL_NULL_CONVERSION = YES;
				CLANG_WARN_OBJC_IMPLICIT_RETAIN_SELF = YES;
				CLANG_WARN_OBJC_LITERAL_CONVERSION = YES;
				CLANG_WARN_OBJC_ROOT_CLASS = YES_ERROR;
				CLANG_WARN_QUOTED_INCLUDE_IN_FRAMEWORK_HEADER = YES;
				CLANG_WARN_RANGE_LOOP_ANALYSIS = YES;
				CLANG_WARN_STRICT_PROTOTYPES = YES;
				CLANG_WARN_SUSPICIOUS_MOVE = YES;
				CLANG_WARN_UNGUARDED_AVAILABILITY = YES_AGGRESSIVE;
				CLANG_WARN_UNREACHABLE_CODE = YES;
				CLANG_WARN__DUPLICATE_METHOD_MATCH = YES;
				COPY_PHASE_STRIP = NO;
				DEBUG_INFORMATION_FORMAT = "dwarf-with-dsym";
				ENABLE_NS_ASSERTIONS = NO;
				ENABLE_STRICT_OBJC_MSGSEND = YES;
				GCC_C_LANGUAGE_STANDARD = gnu11;
				GCC_NO_COMMON_BLOCKS = YES;
				GCC_WARN_64_TO_32_BIT_CONVERSION = YES;
				GCC_WARN_ABOUT_RETURN_TYPE = YES_ERROR;
				GCC_WARN_UNDECLARED_SELECTOR = YES;
				GCC_WARN_UNINITIALIZED_AUTOS = YES_AGGRESSIVE;
				GCC_WARN_UNUSED_FUNCTION = YES;
				GCC_WARN_UNUSED_VARIABLE = YES;
				IPHONEOS_DEPLOYMENT_TARGET = 14.4;
				MTL_ENABLE_DEBUG_INFO = NO;
				MTL_FAST_MATH = YES;
				SDKROOT = iphoneos;
				SWIFT_COMPILATION_MODE = wholemodule;
				SWIFT_OPTIMIZATION_LEVEL = "-O";
				VALIDATE_PRODUCT = YES;
			};
			name = Release;
		};
		1493AF1A25F360EE0070F583 /* Debug */ = {
			isa = XCBuildConfiguration;
			baseConfigurationReference = 5CD2AC1EA6250646373AAE4B /* Pods-Instagramm.debug.xcconfig */;
			buildSettings = {
				ASSETCATALOG_COMPILER_APPICON_NAME = AppIcon;
				ASSETCATALOG_COMPILER_GLOBAL_ACCENT_COLOR_NAME = AccentColor;
				CODE_SIGN_STYLE = Automatic;
				DEVELOPMENT_TEAM = BBD9R4HKY2;
				INFOPLIST_FILE = Instagramm/Info.plist;
				LD_RUNPATH_SEARCH_PATHS = (
					"$(inherited)",
					"@executable_path/Frameworks",
				);
				PRODUCT_BUNDLE_IDENTIFIER = HellizarApps.com.Instagramm;
				PRODUCT_NAME = "$(TARGET_NAME)";
				SWIFT_VERSION = 5.0;
				TARGETED_DEVICE_FAMILY = "1,2";
			};
			name = Debug;
		};
		1493AF1B25F360EE0070F583 /* Release */ = {
			isa = XCBuildConfiguration;
			baseConfigurationReference = BEAB0002DAE4411A200C6812 /* Pods-Instagramm.release.xcconfig */;
			buildSettings = {
				ASSETCATALOG_COMPILER_APPICON_NAME = AppIcon;
				ASSETCATALOG_COMPILER_GLOBAL_ACCENT_COLOR_NAME = AccentColor;
				CODE_SIGN_STYLE = Automatic;
				DEVELOPMENT_TEAM = BBD9R4HKY2;
				INFOPLIST_FILE = Instagramm/Info.plist;
				LD_RUNPATH_SEARCH_PATHS = (
					"$(inherited)",
					"@executable_path/Frameworks",
				);
				PRODUCT_BUNDLE_IDENTIFIER = HellizarApps.com.Instagramm;
				PRODUCT_NAME = "$(TARGET_NAME)";
				SWIFT_VERSION = 5.0;
				TARGETED_DEVICE_FAMILY = "1,2";
			};
			name = Release;
		};
/* End XCBuildConfiguration section */

/* Begin XCConfigurationList section */
		1493AF0025F360DD0070F583 /* Build configuration list for PBXProject "Instagramm" */ = {
			isa = XCConfigurationList;
			buildConfigurations = (
				1493AF1725F360EE0070F583 /* Debug */,
				1493AF1825F360EE0070F583 /* Release */,
			);
			defaultConfigurationIsVisible = 0;
			defaultConfigurationName = Release;
		};
		1493AF1925F360EE0070F583 /* Build configuration list for PBXNativeTarget "Instagramm" */ = {
			isa = XCConfigurationList;
			buildConfigurations = (
				1493AF1A25F360EE0070F583 /* Debug */,
				1493AF1B25F360EE0070F583 /* Release */,
			);
			defaultConfigurationIsVisible = 0;
			defaultConfigurationName = Release;
		};
/* End XCConfigurationList section */
	};
	rootObject = 1493AEFD25F360DD0070F583 /* Project object */;
}
